
Microsoft Visual Studio Solution File, Format Version 12.00
# Visual Studio Version 17
VisualStudioVersion = 17.1.32421.90
MinimumVisualStudioVersion = 10.0.40219.1
Project("{9A19103F-16F7-4668-BE54-9A1E7A4F7556}") = "MyProjects", "MyProjects\MyProjects.csproj", "{1C1EEC98-9B5C-4BFF-BDF3-583CFE21B539}"
EndProject
Project("{9A19103F-16F7-4668-BE54-9A1E7A4F7556}") = "MyToolkit", "MyToolkit\MyToolkit.csproj", "{E6833508-C93B-4391-9016-2D22583E92A4}"
EndProject
Project("{9A19103F-16F7-4668-BE54-9A1E7A4F7556}") = "IPFSVideo", "IPFSVideo\IPFSVideo.csproj", "{04E3627F-B6FC-477E-9B3E-852B01208055}"
EndProject
Project("{9A19103F-16F7-4668-BE54-9A1E7A4F7556}") = "WinFormsLibrary", "WinFormsLibrary\WinFormsLibrary.csproj", "{067A7389-C002-4E97-B11D-FCCD655EA19F}"
EndProject
Project("{9A19103F-16F7-4668-BE54-9A1E7A4F7556}") = "IPFS", "IPFS\IPFS.csproj", "{7AA50233-3C40-493D-8A26-5CB60DE56F93}"
EndProject
Project("{9A19103F-16F7-4668-BE54-9A1E7A4F7556}") = "UnitTestProject", "UnitTestProject\UnitTestProject.csproj", "{8253CA9D-87A2-4742-86E2-557F0ED73F6B}"
EndProject
Project("{9A19103F-16F7-4668-BE54-9A1E7A4F7556}") = "IPFSPlayer", "IPFSPlayer\IPFSPlayer.csproj", "{6E9ED54A-44B7-4C78-9096-7CFFD8927D21}"
EndProject
Project("{FAE04EC0-301F-11D3-BF4B-00C04F79EFBC}") = "LANManager.UWP", "LANManager\LANManager.UWP\LANManager.UWP.csproj", "{A6926BB5-6E44-435E-AEC7-410A7D9800A5}"
EndProject
Project("{FAE04EC0-301F-11D3-BF4B-00C04F79EFBC}") = "LANManager.Android", "LANManager\LANManager.Android\LANManager.Android.csproj", "{4D38A7D2-7F65-440A-9CB9-250187BB62E7}"
EndProject
Project("{9A19103F-16F7-4668-BE54-9A1E7A4F7556}") = "LANManager", "LANManager\LANManager\LANManager.csproj", "{F8DE4888-6594-407F-8DA3-81CB21B47CE3}"
EndProject
Project("{2150E333-8FDC-42A3-9474-1A3956D46DE8}") = "Library", "Library", "{23B9D549-C713-435E-8F7D-2A36A1AEE45C}"
EndProject
Project("{2150E333-8FDC-42A3-9474-1A3956D46DE8}") = "IPFS", "IPFS", "{27108901-312B-4197-B0DB-3EB4E8FB58D3}"
EndProject
Global
	GlobalSection(SolutionConfigurationPlatforms) = preSolution
		Debug|Any CPU = Debug|Any CPU
		Debug|ARM = Debug|ARM
		Debug|x64 = Debug|x64
		Debug|x86 = Debug|x86
		Release|Any CPU = Release|Any CPU
		Release|ARM = Release|ARM
		Release|x64 = Release|x64
		Release|x86 = Release|x86
	EndGlobalSection
	GlobalSection(ProjectConfigurationPlatforms) = postSolution
		{1C1EEC98-9B5C-4BFF-BDF3-583CFE21B539}.Debug|Any CPU.ActiveCfg = Debug|Any CPU
		{1C1EEC98-9B5C-4BFF-BDF3-583CFE21B539}.Debug|Any CPU.Build.0 = Debug|Any CPU
		{1C1EEC98-9B5C-4BFF-BDF3-583CFE21B539}.Debug|ARM.ActiveCfg = Debug|Any CPU
		{1C1EEC98-9B5C-4BFF-BDF3-583CFE21B539}.Debug|ARM.Build.0 = Debug|Any CPU
		{1C1EEC98-9B5C-4BFF-BDF3-583CFE21B539}.Debug|x64.ActiveCfg = Debug|Any CPU
		{1C1EEC98-9B5C-4BFF-BDF3-583CFE21B539}.Debug|x64.Build.0 = Debug|Any CPU
		{1C1EEC98-9B5C-4BFF-BDF3-583CFE21B539}.Debug|x86.ActiveCfg = Debug|Any CPU
		{1C1EEC98-9B5C-4BFF-BDF3-583CFE21B539}.Debug|x86.Build.0 = Debug|Any CPU
		{1C1EEC98-9B5C-4BFF-BDF3-583CFE21B539}.Release|Any CPU.ActiveCfg = Release|Any CPU
		{1C1EEC98-9B5C-4BFF-BDF3-583CFE21B539}.Release|Any CPU.Build.0 = Release|Any CPU
		{1C1EEC98-9B5C-4BFF-BDF3-583CFE21B539}.Release|ARM.ActiveCfg = Release|Any CPU
		{1C1EEC98-9B5C-4BFF-BDF3-583CFE21B539}.Release|ARM.Build.0 = Release|Any CPU
		{1C1EEC98-9B5C-4BFF-BDF3-583CFE21B539}.Release|x64.ActiveCfg = Release|Any CPU
		{1C1EEC98-9B5C-4BFF-BDF3-583CFE21B539}.Release|x64.Build.0 = Release|Any CPU
		{1C1EEC98-9B5C-4BFF-BDF3-583CFE21B539}.Release|x86.ActiveCfg = Release|Any CPU
		{1C1EEC98-9B5C-4BFF-BDF3-583CFE21B539}.Release|x86.Build.0 = Release|Any CPU
		{E6833508-C93B-4391-9016-2D22583E92A4}.Debug|Any CPU.ActiveCfg = Debug|Any CPU
		{E6833508-C93B-4391-9016-2D22583E92A4}.Debug|Any CPU.Build.0 = Debug|Any CPU
		{E6833508-C93B-4391-9016-2D22583E92A4}.Debug|ARM.ActiveCfg = Debug|Any CPU
		{E6833508-C93B-4391-9016-2D22583E92A4}.Debug|ARM.Build.0 = Debug|Any CPU
		{E6833508-C93B-4391-9016-2D22583E92A4}.Debug|x64.ActiveCfg = Debug|Any CPU
		{E6833508-C93B-4391-9016-2D22583E92A4}.Debug|x64.Build.0 = Debug|Any CPU
		{E6833508-C93B-4391-9016-2D22583E92A4}.Debug|x86.ActiveCfg = Debug|Any CPU
		{E6833508-C93B-4391-9016-2D22583E92A4}.Debug|x86.Build.0 = Debug|Any CPU
		{E6833508-C93B-4391-9016-2D22583E92A4}.Release|Any CPU.ActiveCfg = Release|Any CPU
		{E6833508-C93B-4391-9016-2D22583E92A4}.Release|Any CPU.Build.0 = Release|Any CPU
		{E6833508-C93B-4391-9016-2D22583E92A4}.Release|ARM.ActiveCfg = Release|Any CPU
		{E6833508-C93B-4391-9016-2D22583E92A4}.Release|ARM.Build.0 = Release|Any CPU
		{E6833508-C93B-4391-9016-2D22583E92A4}.Release|x64.ActiveCfg = Release|Any CPU
		{E6833508-C93B-4391-9016-2D22583E92A4}.Release|x64.Build.0 = Release|Any CPU
		{E6833508-C93B-4391-9016-2D22583E92A4}.Release|x86.ActiveCfg = Release|Any CPU
		{E6833508-C93B-4391-9016-2D22583E92A4}.Release|x86.Build.0 = Release|Any CPU
		{04E3627F-B6FC-477E-9B3E-852B01208055}.Debug|Any CPU.ActiveCfg = Debug|Any CPU
		{04E3627F-B6FC-477E-9B3E-852B01208055}.Debug|Any CPU.Build.0 = Debug|Any CPU
		{04E3627F-B6FC-477E-9B3E-852B01208055}.Debug|ARM.ActiveCfg = Debug|Any CPU
		{04E3627F-B6FC-477E-9B3E-852B01208055}.Debug|ARM.Build.0 = Debug|Any CPU
		{04E3627F-B6FC-477E-9B3E-852B01208055}.Debug|x64.ActiveCfg = Debug|Any CPU
		{04E3627F-B6FC-477E-9B3E-852B01208055}.Debug|x64.Build.0 = Debug|Any CPU
		{04E3627F-B6FC-477E-9B3E-852B01208055}.Debug|x86.ActiveCfg = Debug|Any CPU
		{04E3627F-B6FC-477E-9B3E-852B01208055}.Debug|x86.Build.0 = Debug|Any CPU
		{04E3627F-B6FC-477E-9B3E-852B01208055}.Release|Any CPU.ActiveCfg = Release|Any CPU
		{04E3627F-B6FC-477E-9B3E-852B01208055}.Release|Any CPU.Build.0 = Release|Any CPU
		{04E3627F-B6FC-477E-9B3E-852B01208055}.Release|ARM.ActiveCfg = Release|Any CPU
		{04E3627F-B6FC-477E-9B3E-852B01208055}.Release|ARM.Build.0 = Release|Any CPU
		{04E3627F-B6FC-477E-9B3E-852B01208055}.Release|x64.ActiveCfg = Release|Any CPU
		{04E3627F-B6FC-477E-9B3E-852B01208055}.Release|x64.Build.0 = Release|Any CPU
		{04E3627F-B6FC-477E-9B3E-852B01208055}.Release|x86.ActiveCfg = Release|Any CPU
		{04E3627F-B6FC-477E-9B3E-852B01208055}.Release|x86.Build.0 = Release|Any CPU
		{067A7389-C002-4E97-B11D-FCCD655EA19F}.Debug|Any CPU.ActiveCfg = Debug|Any CPU
		{067A7389-C002-4E97-B11D-FCCD655EA19F}.Debug|Any CPU.Build.0 = Debug|Any CPU
		{067A7389-C002-4E97-B11D-FCCD655EA19F}.Debug|ARM.ActiveCfg = Debug|Any CPU
		{067A7389-C002-4E97-B11D-FCCD655EA19F}.Debug|ARM.Build.0 = Debug|Any CPU
		{067A7389-C002-4E97-B11D-FCCD655EA19F}.Debug|x64.ActiveCfg = Debug|Any CPU
		{067A7389-C002-4E97-B11D-FCCD655EA19F}.Debug|x64.Build.0 = Debug|Any CPU
		{067A7389-C002-4E97-B11D-FCCD655EA19F}.Debug|x86.ActiveCfg = Debug|Any CPU
		{067A7389-C002-4E97-B11D-FCCD655EA19F}.Debug|x86.Build.0 = Debug|Any CPU
		{067A7389-C002-4E97-B11D-FCCD655EA19F}.Release|Any CPU.ActiveCfg = Release|Any CPU
		{067A7389-C002-4E97-B11D-FCCD655EA19F}.Release|Any CPU.Build.0 = Release|Any CPU
		{067A7389-C002-4E97-B11D-FCCD655EA19F}.Release|ARM.ActiveCfg = Release|Any CPU
		{067A7389-C002-4E97-B11D-FCCD655EA19F}.Release|ARM.Build.0 = Release|Any CPU
		{067A7389-C002-4E97-B11D-FCCD655EA19F}.Release|x64.ActiveCfg = Release|Any CPU
		{067A7389-C002-4E97-B11D-FCCD655EA19F}.Release|x64.Build.0 = Release|Any CPU
		{067A7389-C002-4E97-B11D-FCCD655EA19F}.Release|x86.ActiveCfg = Release|Any CPU
		{067A7389-C002-4E97-B11D-FCCD655EA19F}.Release|x86.Build.0 = Release|Any CPU
		{7AA50233-3C40-493D-8A26-5CB60DE56F93}.Debug|Any CPU.ActiveCfg = Debug|Any CPU
		{7AA50233-3C40-493D-8A26-5CB60DE56F93}.Debug|Any CPU.Build.0 = Debug|Any CPU
		{7AA50233-3C40-493D-8A26-5CB60DE56F93}.Debug|ARM.ActiveCfg = Debug|Any CPU
		{7AA50233-3C40-493D-8A26-5CB60DE56F93}.Debug|ARM.Build.0 = Debug|Any CPU
		{7AA50233-3C40-493D-8A26-5CB60DE56F93}.Debug|x64.ActiveCfg = Debug|Any CPU
		{7AA50233-3C40-493D-8A26-5CB60DE56F93}.Debug|x64.Build.0 = Debug|Any CPU
		{7AA50233-3C40-493D-8A26-5CB60DE56F93}.Debug|x86.ActiveCfg = Debug|Any CPU
		{7AA50233-3C40-493D-8A26-5CB60DE56F93}.Debug|x86.Build.0 = Debug|Any CPU
		{7AA50233-3C40-493D-8A26-5CB60DE56F93}.Release|Any CPU.ActiveCfg = Release|Any CPU
		{7AA50233-3C40-493D-8A26-5CB60DE56F93}.Release|Any CPU.Build.0 = Release|Any CPU
		{7AA50233-3C40-493D-8A26-5CB60DE56F93}.Release|ARM.ActiveCfg = Release|Any CPU
		{7AA50233-3C40-493D-8A26-5CB60DE56F93}.Release|ARM.Build.0 = Release|Any CPU
		{7AA50233-3C40-493D-8A26-5CB60DE56F93}.Release|x64.ActiveCfg = Release|Any CPU
		{7AA50233-3C40-493D-8A26-5CB60DE56F93}.Release|x64.Build.0 = Release|Any CPU
		{7AA50233-3C40-493D-8A26-5CB60DE56F93}.Release|x86.ActiveCfg = Release|Any CPU
		{7AA50233-3C40-493D-8A26-5CB60DE56F93}.Release|x86.Build.0 = Release|Any CPU
		{8253CA9D-87A2-4742-86E2-557F0ED73F6B}.Debug|Any CPU.ActiveCfg = Debug|Any CPU
		{8253CA9D-87A2-4742-86E2-557F0ED73F6B}.Debug|Any CPU.Build.0 = Debug|Any CPU
		{8253CA9D-87A2-4742-86E2-557F0ED73F6B}.Debug|ARM.ActiveCfg = Debug|Any CPU
		{8253CA9D-87A2-4742-86E2-557F0ED73F6B}.Debug|ARM.Build.0 = Debug|Any CPU
		{8253CA9D-87A2-4742-86E2-557F0ED73F6B}.Debug|x64.ActiveCfg = Debug|Any CPU
		{8253CA9D-87A2-4742-86E2-557F0ED73F6B}.Debug|x64.Build.0 = Debug|Any CPU
		{8253CA9D-87A2-4742-86E2-557F0ED73F6B}.Debug|x86.ActiveCfg = Debug|Any CPU
		{8253CA9D-87A2-4742-86E2-557F0ED73F6B}.Debug|x86.Build.0 = Debug|Any CPU
		{8253CA9D-87A2-4742-86E2-557F0ED73F6B}.Release|Any CPU.ActiveCfg = Release|Any CPU
		{8253CA9D-87A2-4742-86E2-557F0ED73F6B}.Release|Any CPU.Build.0 = Release|Any CPU
		{8253CA9D-87A2-4742-86E2-557F0ED73F6B}.Release|ARM.ActiveCfg = Release|Any CPU
		{8253CA9D-87A2-4742-86E2-557F0ED73F6B}.Release|ARM.Build.0 = Release|Any CPU
		{8253CA9D-87A2-4742-86E2-557F0ED73F6B}.Release|x64.ActiveCfg = Release|Any CPU
		{8253CA9D-87A2-4742-86E2-557F0ED73F6B}.Release|x64.Build.0 = Release|Any CPU
		{8253CA9D-87A2-4742-86E2-557F0ED73F6B}.Release|x86.ActiveCfg = Release|Any CPU
		{8253CA9D-87A2-4742-86E2-557F0ED73F6B}.Release|x86.Build.0 = Release|Any CPU
		{6E9ED54A-44B7-4C78-9096-7CFFD8927D21}.Debug|Any CPU.ActiveCfg = Debug|Any CPU
		{6E9ED54A-44B7-4C78-9096-7CFFD8927D21}.Debug|Any CPU.Build.0 = Debug|Any CPU
		{6E9ED54A-44B7-4C78-9096-7CFFD8927D21}.Debug|ARM.ActiveCfg = Debug|Any CPU
		{6E9ED54A-44B7-4C78-9096-7CFFD8927D21}.Debug|ARM.Build.0 = Debug|Any CPU
		{6E9ED54A-44B7-4C78-9096-7CFFD8927D21}.Debug|x64.ActiveCfg = Debug|Any CPU
		{6E9ED54A-44B7-4C78-9096-7CFFD8927D21}.Debug|x64.Build.0 = Debug|Any CPU
		{6E9ED54A-44B7-4C78-9096-7CFFD8927D21}.Debug|x86.ActiveCfg = Debug|Any CPU
		{6E9ED54A-44B7-4C78-9096-7CFFD8927D21}.Debug|x86.Build.0 = Debug|Any CPU
		{6E9ED54A-44B7-4C78-9096-7CFFD8927D21}.Release|Any CPU.ActiveCfg = Release|Any CPU
		{6E9ED54A-44B7-4C78-9096-7CFFD8927D21}.Release|Any CPU.Build.0 = Release|Any CPU
		{6E9ED54A-44B7-4C78-9096-7CFFD8927D21}.Release|ARM.ActiveCfg = Release|Any CPU
		{6E9ED54A-44B7-4C78-9096-7CFFD8927D21}.Release|ARM.Build.0 = Release|Any CPU
		{6E9ED54A-44B7-4C78-9096-7CFFD8927D21}.Release|x64.ActiveCfg = Release|Any CPU
		{6E9ED54A-44B7-4C78-9096-7CFFD8927D21}.Release|x64.Build.0 = Release|Any CPU
		{6E9ED54A-44B7-4C78-9096-7CFFD8927D21}.Release|x86.ActiveCfg = Release|Any CPU
		{6E9ED54A-44B7-4C78-9096-7CFFD8927D21}.Release|x86.Build.0 = Release|Any CPU
		{A6926BB5-6E44-435E-AEC7-410A7D9800A5}.Debug|Any CPU.ActiveCfg = Debug|x64
		{A6926BB5-6E44-435E-AEC7-410A7D9800A5}.Debug|Any CPU.Build.0 = Debug|x64
		{A6926BB5-6E44-435E-AEC7-410A7D9800A5}.Debug|Any CPU.Deploy.0 = Debug|x64
		{A6926BB5-6E44-435E-AEC7-410A7D9800A5}.Debug|ARM.ActiveCfg = Debug|ARM
		{A6926BB5-6E44-435E-AEC7-410A7D9800A5}.Debug|ARM.Build.0 = Debug|ARM
		{A6926BB5-6E44-435E-AEC7-410A7D9800A5}.Debug|ARM.Deploy.0 = Debug|ARM
		{A6926BB5-6E44-435E-AEC7-410A7D9800A5}.Debug|x64.ActiveCfg = Debug|x64
		{A6926BB5-6E44-435E-AEC7-410A7D9800A5}.Debug|x64.Build.0 = Debug|x64
		{A6926BB5-6E44-435E-AEC7-410A7D9800A5}.Debug|x64.Deploy.0 = Debug|x64
		{A6926BB5-6E44-435E-AEC7-410A7D9800A5}.Debug|x86.ActiveCfg = Debug|x86
		{A6926BB5-6E44-435E-AEC7-410A7D9800A5}.Debug|x86.Build.0 = Debug|x86
		{A6926BB5-6E44-435E-AEC7-410A7D9800A5}.Debug|x86.Deploy.0 = Debug|x86
		{A6926BB5-6E44-435E-AEC7-410A7D9800A5}.Release|Any CPU.ActiveCfg = Release|x64
		{A6926BB5-6E44-435E-AEC7-410A7D9800A5}.Release|Any CPU.Build.0 = Release|x64
		{A6926BB5-6E44-435E-AEC7-410A7D9800A5}.Release|Any CPU.Deploy.0 = Release|x64
		{A6926BB5-6E44-435E-AEC7-410A7D9800A5}.Release|ARM.ActiveCfg = Release|ARM
		{A6926BB5-6E44-435E-AEC7-410A7D9800A5}.Release|ARM.Build.0 = Release|ARM
		{A6926BB5-6E44-435E-AEC7-410A7D9800A5}.Release|ARM.Deploy.0 = Release|ARM
		{A6926BB5-6E44-435E-AEC7-410A7D9800A5}.Release|x64.ActiveCfg = Release|x64
		{A6926BB5-6E44-435E-AEC7-410A7D9800A5}.Release|x64.Build.0 = Release|x64
		{A6926BB5-6E44-435E-AEC7-410A7D9800A5}.Release|x64.Deploy.0 = Release|x64
		{A6926BB5-6E44-435E-AEC7-410A7D9800A5}.Release|x86.ActiveCfg = Release|x86
		{A6926BB5-6E44-435E-AEC7-410A7D9800A5}.Release|x86.Build.0 = Release|x86
		{A6926BB5-6E44-435E-AEC7-410A7D9800A5}.Release|x86.Deploy.0 = Release|x86
		{4D38A7D2-7F65-440A-9CB9-250187BB62E7}.Debug|Any CPU.ActiveCfg = Debug|Any CPU
		{4D38A7D2-7F65-440A-9CB9-250187BB62E7}.Debug|Any CPU.Build.0 = Debug|Any CPU
		{4D38A7D2-7F65-440A-9CB9-250187BB62E7}.Debug|Any CPU.Deploy.0 = Debug|Any CPU
		{4D38A7D2-7F65-440A-9CB9-250187BB62E7}.Debug|ARM.ActiveCfg = Debug|Any CPU
		{4D38A7D2-7F65-440A-9CB9-250187BB62E7}.Debug|ARM.Build.0 = Debug|Any CPU
		{4D38A7D2-7F65-440A-9CB9-250187BB62E7}.Debug|ARM.Deploy.0 = Debug|Any CPU
		{4D38A7D2-7F65-440A-9CB9-250187BB62E7}.Debug|x64.ActiveCfg = Debug|Any CPU
		{4D38A7D2-7F65-440A-9CB9-250187BB62E7}.Debug|x64.Build.0 = Debug|Any CPU
		{4D38A7D2-7F65-440A-9CB9-250187BB62E7}.Debug|x64.Deploy.0 = Debug|Any CPU
		{4D38A7D2-7F65-440A-9CB9-250187BB62E7}.Debug|x86.ActiveCfg = Debug|Any CPU
		{4D38A7D2-7F65-440A-9CB9-250187BB62E7}.Debug|x86.Build.0 = Debug|Any CPU
		{4D38A7D2-7F65-440A-9CB9-250187BB62E7}.Debug|x86.Deploy.0 = Debug|Any CPU
		{4D38A7D2-7F65-440A-9CB9-250187BB62E7}.Release|Any CPU.ActiveCfg = Release|Any CPU
		{4D38A7D2-7F65-440A-9CB9-250187BB62E7}.Release|Any CPU.Build.0 = Release|Any CPU
		{4D38A7D2-7F65-440A-9CB9-250187BB62E7}.Release|Any CPU.Deploy.0 = Release|Any CPU
		{4D38A7D2-7F65-440A-9CB9-250187BB62E7}.Release|ARM.ActiveCfg = Release|Any CPU
		{4D38A7D2-7F65-440A-9CB9-250187BB62E7}.Release|ARM.Build.0 = Release|Any CPU
		{4D38A7D2-7F65-440A-9CB9-250187BB62E7}.Release|ARM.Deploy.0 = Release|Any CPU
		{4D38A7D2-7F65-440A-9CB9-250187BB62E7}.Release|x64.ActiveCfg = Release|Any CPU
		{4D38A7D2-7F65-440A-9CB9-250187BB62E7}.Release|x64.Build.0 = Release|Any CPU
		{4D38A7D2-7F65-440A-9CB9-250187BB62E7}.Release|x64.Deploy.0 = Release|Any CPU
		{4D38A7D2-7F65-440A-9CB9-250187BB62E7}.Release|x86.ActiveCfg = Release|Any CPU
		{4D38A7D2-7F65-440A-9CB9-250187BB62E7}.Release|x86.Build.0 = Release|Any CPU
		{4D38A7D2-7F65-440A-9CB9-250187BB62E7}.Release|x86.Deploy.0 = Release|Any CPU
		{F8DE4888-6594-407F-8DA3-81CB21B47CE3}.Debug|Any CPU.ActiveCfg = Debug|Any CPU
		{F8DE4888-6594-407F-8DA3-81CB21B47CE3}.Debug|Any CPU.Build.0 = Debug|Any CPU
		{F8DE4888-6594-407F-8DA3-81CB21B47CE3}.Debug|ARM.ActiveCfg = Debug|Any CPU
		{F8DE4888-6594-407F-8DA3-81CB21B47CE3}.Debug|ARM.Build.0 = Debug|Any CPU
		{F8DE4888-6594-407F-8DA3-81CB21B47CE3}.Debug|x64.ActiveCfg = Debug|Any CPU
		{F8DE4888-6594-407F-8DA3-81CB21B47CE3}.Debug|x64.Build.0 = Debug|Any CPU
		{F8DE4888-6594-407F-8DA3-81CB21B47CE3}.Debug|x86.ActiveCfg = Debug|Any CPU
		{F8DE4888-6594-407F-8DA3-81CB21B47CE3}.Debug|x86.Build.0 = Debug|Any CPU
		{F8DE4888-6594-407F-8DA3-81CB21B47CE3}.Release|Any CPU.ActiveCfg = Release|Any CPU
		{F8DE4888-6594-407F-8DA3-81CB21B47CE3}.Release|Any CPU.Build.0 = Release|Any CPU
		{F8DE4888-6594-407F-8DA3-81CB21B47CE3}.Release|ARM.ActiveCfg = Release|Any CPU
		{F8DE4888-6594-407F-8DA3-81CB21B47CE3}.Release|ARM.Build.0 = Release|Any CPU
		{F8DE4888-6594-407F-8DA3-81CB21B47CE3}.Release|x64.ActiveCfg = Release|Any CPU
		{F8DE4888-6594-407F-8DA3-81CB21B47CE3}.Release|x64.Build.0 = Release|Any CPU
		{F8DE4888-6594-407F-8DA3-81CB21B47CE3}.Release|x86.ActiveCfg = Release|Any CPU
		{F8DE4888-6594-407F-8DA3-81CB21B47CE3}.Release|x86.Build.0 = Release|Any CPU
	EndGlobalSection
	GlobalSection(SolutionProperties) = preSolution
		HideSolutionNode = FALSE
	EndGlobalSection
	GlobalSection(NestedProjects) = preSolution
		{E6833508-C93B-4391-9016-2D22583E92A4} = {23B9D549-C713-435E-8F7D-2A36A1AEE45C}
		{04E3627F-B6FC-477E-9B3E-852B01208055} = {27108901-312B-4197-B0DB-3EB4E8FB58D3}
		{067A7389-C002-4E97-B11D-FCCD655EA19F} = {23B9D549-C713-435E-8F7D-2A36A1AEE45C}
		{7AA50233-3C40-493D-8A26-5CB60DE56F93} = {27108901-312B-4197-B0DB-3EB4E8FB58D3}
		{6E9ED54A-44B7-4C78-9096-7CFFD8927D21} = {27108901-312B-4197-B0DB-3EB4E8FB58D3}
	EndGlobalSection
	GlobalSection(ExtensibilityGlobals) = postSolution
		SolutionGuid = {0534860D-89F8-425C-977C-1734F741CED8}
	EndGlobalSection
EndGlobal
